
Microsoft Visual Studio Solution File, Format Version 12.00
# Visual Studio Version 17
VisualStudioVersion = 17.9.34728.123
MinimumVisualStudioVersion = 10.0.40219.1
Project("{8BC9CEB8-8B4A-11D0-8D11-00A0C91BC942}") = "LithiumUniverse", "LithiumUniverse.vcxproj", "{E2243A1A-16F1-4B13-8D12-135B5F6BEB86}"
EndProject
Global
	GlobalSection(SolutionConfigurationPlatforms) = preSolution
		Dev|x64 = Dev|x64
		Dev|x86 = Dev|x86
		Release|x64 = Release|x64
		Release|x86 = Release|x86
	EndGlobalSection
	GlobalSection(ProjectConfigurationPlatforms) = postSolution
		{E2243A1A-16F1-4B13-8D12-135B5F6BEB86}.Dev|x64.ActiveCfg = Dev|x64
		{E2243A1A-16F1-4B13-8D12-135B5F6BEB86}.Dev|x64.Build.0 = Dev|x64
		{E2243A1A-16F1-4B13-8D12-135B5F6BEB86}.Dev|x86.ActiveCfg = Dev|Win32
		{E2243A1A-16F1-4B13-8D12-135B5F6BEB86}.Dev|x86.Build.0 = Dev|Win32
		{E2243A1A-16F1-4B13-8D12-135B5F6BEB86}.Release|x64.ActiveCfg = Release|x64
		{E2243A1A-16F1-4B13-8D12-135B5F6BEB86}.Release|x64.Build.0 = Release|x64
		{E2243A1A-16F1-4B13-8D12-135B5F6BEB86}.Release|x86.ActiveCfg = Release|Win32
		{E2243A1A-16F1-4B13-8D12-135B5F6BEB86}.Release|x86.Build.0 = Release|Win32
	EndGlobalSection
	GlobalSection(SolutionProperties) = preSolution
		HideSolutionNode = FALSE
	EndGlobalSection
	GlobalSection(ExtensibilityGlobals) = postSolution
		SolutionGuid = {F8CFADAE-00FC-4BFF-9843-0D1C67EE944A}
	EndGlobalSection
EndGlobal
