<?xml version="1.0" encoding="utf-8"?>
<Project ToolsVersion="4.0" xmlns="http://schemas.microsoft.com/developer/msbuild/2003">
  <ItemGroup>
    <Filter Include="Scripts">
      <UniqueIdentifier>{4FC737F1-C7A5-4376-A066-2A32D752A2FF}</UniqueIdentifier>
      <Extensions>cpp;c;cc;cxx;c++;cppm;ixx;def;odl;idl;hpj;bat;asm;asmx;h;hh;hpp;hxx;h++;hm;inl;inc;ipp;xsd</Extensions>
    </Filter>
    <Filter Include="Resources">
      <UniqueIdentifier>{67DA6AB6-F800-4c08-8B7A-83BB121AAD01}</UniqueIdentifier>
      <Extensions>rc;ico;cur;bmp;dlg;rc2;rct;bin;rgs;gif;jpg;jpeg;jpe;resx;tiff;tif;png;wav;mfcribbon-ms</Extensions>
    </Filter>
    <Filter Include="Scripts\Render">
      <UniqueIdentifier>{8a2610af-4d65-45ce-a2d2-777c89785f71}</UniqueIdentifier>
    </Filter>
    <Filter Include="Scripts\Foundation">
      <UniqueIdentifier>{82f66982-6840-48a0-b8ce-fd42b269c66f}</UniqueIdentifier>
    </Filter>
    <Filter Include="NotMy">
      <UniqueIdentifier>{dea607ac-2b93-45ee-ae82-74bb40ec0de5}</UniqueIdentifier>
    </Filter>
    <Filter Include="Scripts\Physic">
      <UniqueIdentifier>{f84255f9-5910-496a-86f2-3b790799d594}</UniqueIdentifier>
    </Filter>
    <Filter Include="Scripts\GameClasses">
      <UniqueIdentifier>{738e4b76-3c15-4c61-b42a-09196843ac81}</UniqueIdentifier>
    </Filter>
  </ItemGroup>
  <ItemGroup>
    <ClCompile Include="Start.cpp">
      <Filter>Scripts</Filter>
    </ClCompile>
    <ClCompile Include="LithiumUniverse.cpp">
      <Filter>Scripts</Filter>
    </ClCompile>
    <ClCompile Include="Console.cpp">
      <Filter>Scripts\Foundation</Filter>
    </ClCompile>
    <ClCompile Include="GlobalRender.cpp">
      <Filter>Scripts\Render</Filter>
    </ClCompile>
    <ClCompile Include="BaseConstants.cpp">
      <Filter>Scripts</Filter>
    </ClCompile>
    <ClCompile Include="GameInstalls.cpp">
      <Filter>Scripts</Filter>
    </ClCompile>
    <ClCompile Include="Shader.h">
      <Filter>Scripts\Render</Filter>
    </ClCompile>
    <ClCompile Include="glad.c">
      <Filter>NotMy</Filter>
    </ClCompile>
    <ClCompile Include="ExplorerActions.cpp">
      <Filter>Scripts\Foundation</Filter>
    </ClCompile>
    <ClCompile Include="StringActions.cpp">
      <Filter>Scripts\Foundation</Filter>
    </ClCompile>
    <ClCompile Include="GameControls.cpp">
      <Filter>Scripts</Filter>
    </ClCompile>
    <ClCompile Include="GameObject.h">
      <Filter>Scripts\GameClasses</Filter>
    </ClCompile>
    <ClCompile Include="StaticInfo.cpp">
      <Filter>Scripts</Filter>
    </ClCompile>
    <ClCompile Include="GlobalPhysic.cpp">
      <Filter>Scripts\Physic</Filter>
    </ClCompile>
    <ClCompile Include="GameCamera.h">
      <Filter>Scripts\Render</Filter>
    </ClCompile>
    <ClCompile Include="GameData.cpp">
      <Filter>Scripts</Filter>
    </ClCompile>
    <ClCompile Include="GameObjectActions.cpp">
      <Filter>Scripts\Foundation</Filter>
    </ClCompile>
  </ItemGroup>
  <ItemGroup>
    <ClInclude Include="LithiumUniverse.h">
      <Filter>Scripts</Filter>
    </ClInclude>
    <ClInclude Include="Console.h">
      <Filter>Scripts\Foundation</Filter>
    </ClInclude>
    <ClInclude Include="BaseConstants.h">
      <Filter>Scripts</Filter>
    </ClInclude>
    <ClInclude Include="GlobalRender.h">
      <Filter>Scripts\Render</Filter>
    </ClInclude>
    <ClInclude Include="GameInstalls.h">
      <Filter>Scripts</Filter>
    </ClInclude>
    <ClInclude Include="ExplorerActions.h">
      <Filter>Scripts\Foundation</Filter>
    </ClInclude>
    <ClInclude Include="StringActions.h">
      <Filter>Scripts\Foundation</Filter>
    </ClInclude>
    <ClInclude Include="GameControls.h">
      <Filter>Scripts</Filter>
    </ClInclude>
    <ClInclude Include="StaticInfo.h">
      <Filter>Scripts</Filter>
    </ClInclude>
    <ClInclude Include="GlobalPhysic.h">
      <Filter>Scripts\Physic</Filter>
    </ClInclude>
    <ClInclude Include="GameData.h">
      <Filter>Scripts</Filter>
    </ClInclude>
    <ClInclude Include="GameObjectActions.h">
      <Filter>Scripts\Foundation</Filter>
    </ClInclude>
  </ItemGroup>
</Project>